{
  "name": "basic_node_program",
  "version": "1.0.0",
  "lockfileVersion": 1,
  "requires": true,
  "dependencies": {
    "commander": {
      "version": "2.14.1",
      "resolved": "https://registry.npmjs.org/commander/-/commander-2.14.1.tgz",
      "integrity": "sha512-+YR16o3rK53SmWHU3rEM3tPAh2rwb1yPcQX5irVn7mb0gXbwuCCrnkbV5+PBfETdfg1vui07nM6PCG1zndcjQw=="
    },
    "lodash": {
      "version": "4.17.5",
      "resolved": "https://registry.npmjs.org/lodash/-/lodash-4.17.5.tgz",
      "integrity": "sha512-svL3uiZf1RwhH+cWrfZn3A4+U58wbP0tGVTLQPbjplZxZ8ROD9VLuNgsRniTlLe7OlSqR79RUehXgpBW/s0IQw=="
    },
    "project-name-generator": {
      "version": "2.1.4",
      "resolved": "https://registry.npmjs.org/project-name-generator/-/project-name-generator-2.1.4.tgz",
      "integrity": "sha512-M+9Xwn458QynqdWaS/aMqD0/DyGUsAfaSYHXGhMTr4tYH0db9uNa92n+M56u0mfOcN7PMI2mYyr25eqoT54xNw==",
      "requires": {
        "commander": "2.14.1",
        "lodash": "4.17.5"
      }
    }
  }
}
